
Microsoft Visual Studio Solution File, Format Version 12.00
Project("{FAE04EC0-301F-11D3-BF4B-00C04F79EFBC}") = "ConstructorTestAnalyzer", "ConstructorTestAnalyzer\ConstructorTestAnalyzer.csproj", "{7D13C1D5-5038-400B-81DD-3B31C4951C35}"
EndProject
Global
	GlobalSection(SolutionConfigurationPlatforms) = preSolution
		Debug|Any CPU = Debug|Any CPU
		Release|Any CPU = Release|Any CPU
	EndGlobalSection
	GlobalSection(ProjectConfigurationPlatforms) = postSolution
		{7D13C1D5-5038-400B-81DD-3B31C4951C35}.Debug|Any CPU.ActiveCfg = Debug|Any CPU
		{7D13C1D5-5038-400B-81DD-3B31C4951C35}.Debug|Any CPU.Build.0 = Debug|Any CPU
		{7D13C1D5-5038-400B-81DD-3B31C4951C35}.Release|Any CPU.ActiveCfg = Release|Any CPU
		{7D13C1D5-5038-400B-81DD-3B31C4951C35}.Release|Any CPU.Build.0 = Release|Any CPU
	EndGlobalSection
EndGlobal
